{
  "version": "2",
  "remote": {
    "https://deno.land/std@0.164.0/_util/asserts.ts": "d0844e9b62510f89ce1f9878b046f6a57bf88f208a10304aab50efcb48365272",
    "https://deno.land/std@0.164.0/bytes/bytes_list.ts": "aba5e2369e77d426b10af1de0dcc4531acecec27f9b9056f4f7bfbf8ac147ab4",
    "https://deno.land/std@0.164.0/bytes/equals.ts": "3c3558c3ae85526f84510aa2b48ab2ad7bdd899e2e0f5b7a8ffc85acb3a6043a",
    "https://deno.land/std@0.164.0/bytes/mod.ts": "b2e342fd3669176a27a4e15061e9d588b89c1aaf5008ab71766e23669565d179",
    "https://deno.land/std@0.164.0/fmt/colors.ts": "9e36a716611dcd2e4865adea9c4bec916b5c60caad4cdcdc630d4974e6bb8bd4",
    "https://deno.land/std@0.164.0/fs/exists.ts": "6a447912e49eb79cc640adacfbf4b0baf8e17ede6d5bed057062ce33c4fa0d68",
    "https://deno.land/std@0.164.0/io/buffer.ts": "245f1762a949082ddc0a6e9b15589d0be2d29c150266decd04320b8a8318f9f6",
    "https://deno.land/std@0.164.0/io/types.d.ts": "107e1e64834c5ba917c783f446b407d33432c5d612c4b3430df64fc2b4ecf091",
    "https://deno.land/std@0.164.0/log/handlers.ts": "61ab932822ba268ad42b25de6f0014892fe469df7627b14245ad32db6fd8b54d",
    "https://deno.land/std@0.164.0/log/levels.ts": "82c965b90f763b5313e7595d4ba78d5095a13646d18430ebaf547526131604d1",
    "https://deno.land/std@0.164.0/log/logger.ts": "b545159727b023825ee6814d9178fb2a7472f8d95d704c253b771b95c658cf8c",
    "https://deno.land/std@0.164.0/log/mod.ts": "90618a3fdbb4520ed4e7d960665322a3dbfc107eebb3345fe0f36c8c8a7b7962",
    "https://deno.land/std@0.164.0/streams/conversion.ts": "555c6c249f3acf85655f2d0af52d1cb3168e40b1c1fa26beefea501b333abe28",
    "https://deno.land/std@0.170.0/_util/asserts.ts": "d0844e9b62510f89ce1f9878b046f6a57bf88f208a10304aab50efcb48365272",
    "https://deno.land/std@0.170.0/_util/os.ts": "8a33345f74990e627b9dfe2de9b040004b08ea5146c7c9e8fe9a29070d193934",
    "https://deno.land/std@0.170.0/encoding/base64.ts": "8605e018e49211efc767686f6f687827d7f5fd5217163e981d8d693105640d7a",
    "https://deno.land/std@0.170.0/fmt/colors.ts": "03ad95e543d2808bc43c17a3dd29d25b43d0f16287fe562a0be89bf632454a12",
    "https://deno.land/std@0.170.0/path/_constants.ts": "df1db3ffa6dd6d1252cc9617e5d72165cd2483df90e93833e13580687b6083c3",
    "https://deno.land/std@0.170.0/path/_interface.ts": "ee3b431a336b80cf445441109d089b70d87d5e248f4f90ff906820889ecf8d09",
    "https://deno.land/std@0.170.0/path/_util.ts": "d16be2a16e1204b65f9d0dfc54a9bc472cafe5f4a190b3c8471ec2016ccd1677",
    "https://deno.land/std@0.170.0/path/common.ts": "bee563630abd2d97f99d83c96c2fa0cca7cee103e8cb4e7699ec4d5db7bd2633",
    "https://deno.land/std@0.170.0/path/glob.ts": "81cc6c72be002cd546c7a22d1f263f82f63f37fe0035d9726aa96fc8f6e4afa1",
    "https://deno.land/std@0.170.0/path/mod.ts": "cf7cec7ac11b7048bb66af8ae03513e66595c279c65cfa12bfc07d9599608b78",
    "https://deno.land/std@0.170.0/path/posix.ts": "b859684bc4d80edfd4cad0a82371b50c716330bed51143d6dcdbe59e6278b30c",
    "https://deno.land/std@0.170.0/path/separator.ts": "fe1816cb765a8068afb3e8f13ad272351c85cbc739af56dacfc7d93d710fe0f9",
    "https://deno.land/std@0.170.0/path/win32.ts": "7cebd2bda6657371adc00061a1d23fdd87bcdf64b4843bb148b0b24c11b40f69",
    "https://deno.land/x/cliffy@v0.25.7/_utils/distance.ts": "02af166952c7c358ac83beae397aa2fbca4ad630aecfcd38d92edb1ea429f004",
    "https://deno.land/x/cliffy@v0.25.7/ansi/ansi_escapes.ts": "885f61f343223f27b8ec69cc138a54bea30542924eacd0f290cd84edcf691387",
    "https://deno.land/x/cliffy@v0.25.7/ansi/chain.ts": "31fb9fcbf72fed9f3eb9b9487270d2042ccd46a612d07dd5271b1a80ae2140a0",
    "https://deno.land/x/cliffy@v0.25.7/ansi/colors.ts": "5f71993af5bd1aa0a795b15f41692d556d7c89584a601fed75997df844b832c9",
    "https://deno.land/x/cliffy@v0.25.7/ansi/cursor_position.ts": "d537491e31d9c254b208277448eff92ff7f55978c4928dea363df92c0df0813f",
    "https://deno.land/x/cliffy@v0.25.7/ansi/deps.ts": "0f35cb7e91868ce81561f6a77426ea8bc55dc15e13f84c7352f211023af79053",
    "https://deno.land/x/cliffy@v0.25.7/ansi/tty.ts": "8fb064c17ead6cdf00c2d3bc87a9fd17b1167f2daa575c42b516f38bdb604673",
    "https://deno.land/x/cliffy@v0.25.7/keycode/key_code.ts": "c4ab0ffd102c2534962b765ded6d8d254631821bf568143d9352c1cdcf7a24be",
    "https://deno.land/x/cliffy@v0.25.7/keycode/key_codes.ts": "917f0a2da0dbace08cf29bcfdaaa2257da9fe7e705fff8867d86ed69dfb08cfe",
    "https://deno.land/x/cliffy@v0.25.7/prompt/_generic_input.ts": "737cff2de02c8ce35250f5dd79c67b5fc176423191a2abd1f471a90dd725659e",
    "https://deno.land/x/cliffy@v0.25.7/prompt/_generic_prompt.ts": "8630ce89a66d83e695922df41721cada52900b515385d86def597dea35971bb2",
    "https://deno.land/x/cliffy@v0.25.7/prompt/_generic_suggestions.ts": "2a8b619f91e8f9a270811eff557f10f1343a444a527b5fc22c94de832939920c",
    "https://deno.land/x/cliffy@v0.25.7/prompt/deps.ts": "4c38ab18e55a792c9a136c1c29b2b6e21ea4820c45de7ef4cf517ce94012c57d",
    "https://deno.land/x/cliffy@v0.25.7/prompt/figures.ts": "26af0fbfe21497220e4b887bb550fab997498cde14703b98e78faf370fbb4b94",
    "https://deno.land/x/cliffy@v0.25.7/prompt/input.ts": "ee45532e0a30c2463e436e08ae291d79d1c2c40872e17364c96d2b97c279bf4d",
    "https://deno.land/x/cliffy@v0.25.7/prompt/toggle.ts": "842c3754a40732f2e80bcd4670098713e402e64bd930e6cab2b787f7ad4d931a",
    "https://deno.land/x/cliffy@v0.25.7/table/border.ts": "2514abae4e4f51eda60a5f8c927ba24efd464a590027e900926b38f68e01253c",
    "https://deno.land/x/cliffy@v0.25.7/table/cell.ts": "1d787d8006ac8302020d18ec39f8d7f1113612c20801b973e3839de9c3f8b7b3",
    "https://deno.land/x/cliffy@v0.25.7/table/deps.ts": "5b05fa56c1a5e2af34f2103fd199e5f87f0507549963019563eae519271819d2",
    "https://deno.land/x/cliffy@v0.25.7/table/layout.ts": "46bf10ae5430cf4fbb92f23d588230e9c6336edbdb154e5c9581290562b169f4",
    "https://deno.land/x/cliffy@v0.25.7/table/mod.ts": "e74f69f38810ee6139a71132783765feb94436a6619c07474ada45b465189834",
    "https://deno.land/x/cliffy@v0.25.7/table/row.ts": "5f519ba7488d2ef76cbbf50527f10f7957bfd668ce5b9169abbc44ec88302645",
    "https://deno.land/x/cliffy@v0.25.7/table/table.ts": "ec204c9d08bb3ff1939c5ac7412a4c9ed7d00925d4fc92aff9bfe07bd269258d",
    "https://deno.land/x/cliffy@v0.25.7/table/utils.ts": "187bb7dcbcfb16199a5d906113f584740901dfca1007400cba0df7dcd341bc29",
    "https://deno.land/x/csv@v0.8.0/deps.ts": "597e3d0c81eca1c519ce20f0a7ed573d31cfbb5625c5013763550d717ba69dfa",
    "https://deno.land/x/csv@v0.8.0/mod.ts": "2a13285c8716257aa5d6b5021d45c74dcb275eaaa46776106ddf78b071cabd88",
    "https://deno.land/x/csv@v0.8.0/reader.ts": "ad6543223f8d1c17c78b18dbaa464c3d81f7a0970b08aa5fbde9eb48e2a680d1",
    "https://deno.land/x/csv@v0.8.0/utils.ts": "7f2467acb031244c150774b9d6caa5e8c40f9857031a947c6ad20765c5d7bd20",
    "https://deno.land/x/csv@v0.8.0/writer.ts": "18a46b755cc215695862d3a896b3a7b24b33cb7ee626cbebeb7138193cb7edcf",
    "https://deno.land/x/momentjs@2.29.1-deno/mod.ts": "f0c8542988b812d2aeaabe4fe3d86e7638ba6dd469ac9dd252eb2d9a765b8b49",
    "https://deno.land/x/momentjs@2.29.1-deno/node_modules/moment/moment.d.ts": "f22153742d3e5d5f3f05757d6e12b15b67f53bc1e4ac916b77c111f7ce2652f0",
    "https://deno.land/x/momentjs@2.29.1-deno/node_modules/moment/moment.js": "7ba0da6b25146fe95a948b47ec8a7707b4bcf6a87390d4b655a0663e107f7845",
    "https://deno.land/x/zod@v3.20.2/ZodError.ts": "b4ff327bd2870a7c0930b30cb1d6eb741d36a5a7d0755fc3aa7146c108bc8a0e",
    "https://deno.land/x/zod@v3.20.2/errors.ts": "5285922d2be9700cc0c70c95e4858952b07ae193aa0224be3cbd5cd5567eabef",
    "https://deno.land/x/zod@v3.20.2/external.ts": "a6cfbd61e9e097d5f42f8a7ed6f92f93f51ff927d29c9fbaec04f03cbce130fe",
    "https://deno.land/x/zod@v3.20.2/helpers/enumUtil.ts": "54efc393cc9860e687d8b81ff52e980def00fa67377ad0bf8b3104f8a5bf698c",
    "https://deno.land/x/zod@v3.20.2/helpers/errorUtil.ts": "7a77328240be7b847af6de9189963bd9f79cab32bbc61502a9db4fe6683e2ea7",
    "https://deno.land/x/zod@v3.20.2/helpers/parseUtil.ts": "920a5623929a4be9110412f82d16ccda537a58e153c942a6d6b8a38329f293a1",
    "https://deno.land/x/zod@v3.20.2/helpers/partialUtil.ts": "8dc921a02b47384cf52217c7e539268daf619f89319b75bdf13ea178815725df",
    "https://deno.land/x/zod@v3.20.2/helpers/typeAliases.ts": "0fda31a063c6736fc3cf9090dd94865c811dfff4f3cb8707b932bf937c6f2c3e",
    "https://deno.land/x/zod@v3.20.2/helpers/util.ts": "a2548e96d646ea4a80636e311e1e2310edc26d8249808883bb4e3ea9930d4197",
    "https://deno.land/x/zod@v3.20.2/index.ts": "035a7422d9f2be54daa0fe464254b69225b443000673e4794095d672471e8792",
    "https://deno.land/x/zod@v3.20.2/locales/en.ts": "ac7210faad6e67ec4f6dbe7062886f04db79ce91ae5ee6c9f64cbdf6221bc80e",
    "https://deno.land/x/zod@v3.20.2/mod.ts": "64e55237cb4410e17d968cd08975566059f27638ebb0b86048031b987ba251c4",
    "https://deno.land/x/zod@v3.20.2/types.ts": "82b5fbb30d1ad0ed4c212002ebf4d43f0b253921c358e205936e6ee2308914d1"
  }
}